# This file is automatically @generated by Cargo.
# It is not intended for manual editing.
version = 4

[[package]]
name = "open-bitcoin-codec"
version = "0.1.0"
dependencies = [
 "open-bitcoin-primitives",
]

[[package]]
name = "open-bitcoin-core"
version = "0.1.0"
dependencies = [
 "open-bitcoin-codec",
 "open-bitcoin-primitives",
]

[[package]]
name = "open-bitcoin-node"
version = "0.1.0"
dependencies = [
 "open-bitcoin-core",
]

[[package]]
name = "open-bitcoin-primitives"
version = "0.1.0"
